{
    "_meta": {
        "hash": {
            "sha256": "0f3c6b51ec6301891f1990d502278db3f40a7512bcb0a0d2c7a35e04c62bc7f8"
        },
        "pipfile-spec": 6,
        "requires": {},
        "sources": [
            {
                "name": "pypi",
                "url": "https://pypi.org/simple",
                "verify_ssl": true
            }
        ]
    },
    "default": {
        "backports-datetime-fromisoformat": {
            "hashes": [
                "sha256:9577a2a9486cd7383a5f58b23bb8e81cf0821dbbc0eb7c87d3fa198c1df40f5c"
            ],
            "version": "==1.0.0"
        },
        "boto3": {
            "hashes": [
                "sha256:616cde1e326949020da85a5bacaa7ad287e9f117d10ac9c5bfb9150a98dfe1a7",
                "sha256:ddad9ada00eccae1fc2da28c69531ba202fead562994ddcd9a9a232e993cd8a2"
            ],
            "index": "pypi",
            "version": "==1.16.34"
        },
        "botocore": {
            "hashes": [
                "sha256:49f5e56a7382a65ee0873371edcd91bdba8fc3f70abe102ebc1a0da2e6fbed06",
                "sha256:4d81d92127ef646ae0f0ee84c9c220c92fa82312e765c29f8cb3b000fdbdd038"
            ],
            "version": "==1.19.34"
        },
        "certifi": {
            "hashes": [
                "sha256:1a4995114262bffbc2413b159f2a1a480c969de6e6eb13ee966d470af86af59c",
                "sha256:719a74fb9e33b9bd44cc7f3a8d94bc35e4049deebe19ba7d8e108280cfd59830"
            ],
            "version": "==2020.12.5"
        },
        "chardet": {
            "hashes": [
                "sha256:84ab92ed1c4d4f16916e05906b6b75a6c0fb5db821cc65e70cbd64a3e2a5eaae",
                "sha256:fc323ffcaeaed0e0a02bf4d117757b98aed530d9ed4531e3e15460124c106691"
            ],
            "version": "==3.0.4"
        },
        "click": {
            "hashes": [
                "sha256:2335065e6395b9e67ca716de5f7526736bfa6ceead690adf616d925bdc622b13",
                "sha256:5b94b49521f6456670fdb30cd82a4eca9412788a93fa6dd6df72c94d5a8ff2d7"
            ],
            "index": "pypi",
            "version": "==7.0"
        },
        "dataclasses": {
            "hashes": [
                "sha256:0201d89fa866f68c8ebd9d08ee6ff50c0b255f8ec63a71c16fda7af82bb887bf",
                "sha256:8479067f342acf957dc82ec415d355ab5edb7e7646b90dc6e2fd1d96ad084c97"
            ],
            "version": "==0.8"
        },
        "deprecated": {
            "hashes": [
                "sha256:525ba66fb5f90b07169fdd48b6373c18f1ee12728ca277ca44567a367d9d7f74",
                "sha256:a766c1dccb30c5f6eb2b203f87edd1d8588847709c78589e1521d769addc8218"
            ],
            "version": "==1.2.10"
        },
        "idna": {
            "hashes": [
                "sha256:c357b3f628cf53ae2c4c05627ecc484553142ca23264e593d327bcde5e9c3407",
                "sha256:ea8b7f6188e6fa117537c3df7da9fc686d485087abf6ac197f9c46432f7e4a3c"
            ],
            "version": "==2.8"
        },
        "jmespath": {
            "hashes": [
                "sha256:b85d0567b8666149a93172712e68920734333c0ce7e89b78b3e987f71e5ed4f9",
                "sha256:cdf6525904cc597730141d61b36f2e4b8ecc257c420fa2f4549bac2c2d0cb72f"
            ],
            "version": "==0.10.0"
        },
        "mashumaro": {
            "hashes": [
                "sha256:0e513d5c39c4c0db360628988bc86dfb7a4cbcefc6559d7aa42340caf639b4e5"
            ],
            "index": "pypi",
            "version": "==1.7"
        },
        "msgpack": {
            "hashes": [
                "sha256:01835e300967e5ad6fdbfc36eafe74df67ff47e16e0d6dee8766630550315903",
                "sha256:03c5554315317d76c25a15569dd52ac6047b105df71e861f24faf9675672b72d",
                "sha256:0968b368a9a9081435bfcb7a57a1e8b75c7bf038ef911b369acd2e038c7f873a",
                "sha256:1d7ab166401f7789bf11262439336c0a01b878f0d602e48f35c35d2e3a555820",
                "sha256:1e8d27bac821f8aa909904a704a67e5e8bc2e42b153415fc3621b7afbc06702b",
                "sha256:1fc9f21da9fd77088ebfd3c9941b044ca3f4a048e85f7ff5727f26bcdbffed61",
                "sha256:20196229acc193939223118c7420838749d5b0cece49cd397739a3a6ffcfe2d1",
                "sha256:2933443313289725f16bd7b99a8c3aa6a2cca1549e661d7407f056a0af80bf7b",
                "sha256:2966b155356fd231fa441131d7301e1596ee38974ad56dc57fd752fdbe2bb63f",
                "sha256:29a6fb3729215b6fcab786ef4f460a5406a5c056f7021191f70ff7712a3f6ba4",
                "sha256:35cbefa7d7bddfb4b0770a1b9ff721cd8dfe9a680947a68457974d5e3e6acc2f",
                "sha256:35ff1ac162a77fb78be360d9f771d36cbf1202e94fc6d70e284ad5db6ab72608",
                "sha256:40dd1ac7420f071e96b3e4a4a7b8e69546a6f8065ff5995dbacf53f86207eb98",
                "sha256:4bea1938e484c9caca9585105f447d6807c496c153b7244fa726b3cc4a68ec9e",
                "sha256:4e58b9f4a99bc3a90859bb006ec4422448a5ce39e5cd6e7498c56de5dcec9c34",
                "sha256:66d47e952856bfcde46d8351380d0b5b928a73112b66bc06d5367dfcc077c06a",
                "sha256:69f6aa503378548ea1e760c11aeb6fc91952bf3634fd806a38a0e47edb507fcd",
                "sha256:7033215267a0e9f60f4a5e4fb2228a932c404f237817caff8dc3115d9e7cd975",
                "sha256:7b50afd767cc053ad92fad39947c3670db27305fd1c49acded44d9d9ac8b56fd",
                "sha256:99ea9e65876546743b2b8bb5bc7adefbb03b9da78a899827467da197a48f790b",
                "sha256:abcc62303ac4d789878d4aac4cdba1bbe2adb478d67be99cd4a6d56ac3a4028f",
                "sha256:b107f9b36665bf7d7c6176a938a361a7aba16aa179d833919448f77287866484",
                "sha256:b5b27923b6c98a2616b7e906a29e4e10e1b4424aea87a0e0d5636327dc6ea315",
                "sha256:bf8eedc7bfbf63cbc9abe58287c32d78780a347835e82c23033c68f11f80bb05",
                "sha256:c144ff4954a6ea40aa603600c8be175349588fc68696092889fa34ab6e055060",
                "sha256:c4e5f96a1d0d916ce7a16decb7499e8923ddef007cf7d68412fb68767766648a",
                "sha256:c60e8b2bf754b8dcc1075c5bee0b177ed9193e7cbd2377faaf507120a948e697",
                "sha256:c82fc6cdba5737eb6ed0c926a30a5d56e7b050297375a16d6c5ad89b576fd979",
                "sha256:ce4ebe2c79411cd5671b20862831880e7850a2de699cff6626f48853fde61ae6",
                "sha256:d113c6b1239c62669ef3063693842605a3edbfebc39a333cf91ba60d314afe6d",
                "sha256:d3cea07ad16919a44e8d1ea67efa5244855cdce807d672f41694acc24d08834e",
                "sha256:d76672602db16e3f44bc1a85c7ee5f15d79e02fcf5bc9d133c2954753be6eddc",
                "sha256:decf2091b75987ca2564e3b742f9614eb7d57e39ff04eaa68af7a3fc5648f7ed",
                "sha256:e13b9007af66a3f62574bc0a13843df0e4402f5ee4b00a02aa1803f01d26b9fb",
                "sha256:e157edf4213dacafb0f862e0b7a3a18448250cec91aa1334f432f49028acc650",
                "sha256:e234ff83628ca3ab345bf97fb36ccbf6d2f1700f5e08868643bf4489edc960f8",
                "sha256:f08d9dd3ce0c5e972dc4653f0fb66d2703941e65356388c13032b578dd718261",
                "sha256:f20d7d4f1f0728560408ba6933154abccf0c20f24642a2404b43d5c23e4119ab"
            ],
            "version": "==1.0.1"
        },
        "pygithub": {
            "hashes": [
                "sha256:db415a5aeb5ab1e4a3263b1a091b4f9ffbd85a12a06a0303d5bf083ce7c1b2c8"
            ],
            "index": "pypi",
            "version": "==1.43.8"
        },
        "pyjwt": {
            "hashes": [
                "sha256:5c6eca3c2940464d106b99ba83b00c6add741c9becaec087fb7ccdefea71350e",
                "sha256:8d59a976fb773f3e6a39c85636357c4f0e242707394cadadd9814f5cbaa20e96"
            ],
            "version": "==1.7.1"
        },
        "python-dateutil": {
            "hashes": [
                "sha256:73ebfe9dbf22e832286dafa60473e4cd239f8592f699aa5adaf10050e6e1823c",
                "sha256:75bb3f31ea686f1197762692a9ee6a7550b59fc6ca3a1f4b5d7e32fb98e2da2a"
            ],
            "version": "==2.8.1"
        },
        "pyyaml": {
            "hashes": [
                "sha256:06a0d7ba600ce0b2d2fe2e78453a470b5a6e000a985dd4a4e54e436cc36b0e97",
                "sha256:240097ff019d7c70a4922b6869d8a86407758333f02203e0fc6ff79c5dcede76",
                "sha256:4f4b913ca1a7319b33cfb1369e91e50354d6f07a135f3b901aca02aa95940bd2",
                "sha256:6034f55dab5fea9e53f436aa68fa3ace2634918e8b5994d82f3621c04ff5ed2e",
                "sha256:69f00dca373f240f842b2931fb2c7e14ddbacd1397d57157a9b005a6a9942648",
                "sha256:73f099454b799e05e5ab51423c7bcf361c58d3206fa7b0d555426b1f4d9a3eaf",
                "sha256:74809a57b329d6cc0fdccee6318f44b9b8649961fa73144a98735b0aaf029f1f",
                "sha256:7739fc0fa8205b3ee8808aea45e968bc90082c10aef6ea95e855e10abf4a37b2",
                "sha256:95f71d2af0ff4227885f7a6605c37fd53d3a106fcab511b8860ecca9fcf400ee",
                "sha256:ad9c67312c84def58f3c04504727ca879cb0013b2517c85a9a253f0cb6380c0a",
                "sha256:b8eac752c5e14d3eca0e6dd9199cd627518cb5ec06add0de9d32baeee6fe645d",
                "sha256:cc8955cfbfc7a115fa81d85284ee61147059a753344bc51098f3ccd69b0d7e0c",
                "sha256:d13155f591e6fcc1ec3b30685d50bf0711574e2c0dfffd7644babf8b5102ca1a"
            ],
            "version": "==5.3.1"
        },
        "requests": {
            "hashes": [
                "sha256:11e007a8a2aa0323f5a921e9e6a2d7e4e67d9877e85773fba9ba6419025cbeb4",
                "sha256:9cf5292fcd0f598c671cfc1e0d7d1a7f13bb8085e9a590f48c010551dc6c4b31"
            ],
            "index": "pypi",
            "version": "==2.22.0"
        },
        "s3transfer": {
            "hashes": [
                "sha256:2482b4259524933a022d59da830f51bd746db62f047d6eb213f2f8855dcb8a13",
                "sha256:921a37e2aefc64145e7b73d50c71bb4f26f46e4c9f414dc648c6245ff92cf7db"
            ],
            "version": "==0.3.3"
        },
        "six": {
            "hashes": [
                "sha256:30639c035cdb23534cd4aa2dd52c3bf48f06e5f4a941509c8bafd8ce11080259",
                "sha256:8b74bedcbbbaca38ff6d7491d76f2b06b3592611af620f8426e82dddb04a5ced"
            ],
            "version": "==1.15.0"
        },
        "tqdm": {
            "hashes": [
                "sha256:14a285392c32b6f8222ecfbcd217838f88e11630affe9006cd0e94c7eff3cb61",
                "sha256:25d4c0ea02a305a688e7e9c2cdc8f862f989ef2a4701ab28ee963295f5b109ab"
            ],
            "index": "pypi",
            "version": "==4.32.2"
        },
        "urllib3": {
            "hashes": [
                "sha256:8d7eaa5a82a1cac232164990f04874c594c9453ec55eef02eab885aa02fc17a2",
                "sha256:f5321fbe4bf3fefa0efd0bfe7fb14e90909eb62a48ccda331726b4319897dd5e"
            ],
            "markers": "python_version != '3.4'",
            "version": "==1.25.11"
        },
        "wrapt": {
            "hashes": [
                "sha256:b62ffa81fb85f4332a4f609cab4ac40709470da05643a082ec1eb88e6d9b97d7"
            ],
            "version": "==1.12.1"
        }
    },
    "develop": {
        "altgraph": {
            "hashes": [
                "sha256:1f05a47122542f97028caf78775a095fbe6a2699b5089de8477eb583167d69aa",
                "sha256:c623e5f3408ca61d4016f23a681b9adb100802ca3e3da5e718915a9e4052cebe"
            ],
            "version": "==0.17"
        },
        "pyinstaller": {
            "hashes": [
                "sha256:ee7504022d1332a3324250faf2135ea56ac71fdb6309cff8cd235de26b1d0a96"
            ],
            "index": "pypi",
            "version": "==3.5"
        }
    }
}
